
Microsoft Visual Studio Solution File, Format Version 12.00
# Visual Studio Version 17
VisualStudioVersion = 17.5.002.0
MinimumVisualStudioVersion = 10.0.40219.1
Project("{9A19103F-16F7-4668-BE54-9A1E7A4F7556}") = "mytestapi", "mytestapi.csproj", "{850DC28B-D64D-4B6E-BC4F-F8EC84E9569D}"
EndProject
Global
	GlobalSection(SolutionConfigurationPlatforms) = preSolution
		Debug|Any CPU = Debug|Any CPU
		Release|Any CPU = Release|Any CPU
	EndGlobalSection
	GlobalSection(ProjectConfigurationPlatforms) = postSolution
		{850DC28B-D64D-4B6E-BC4F-F8EC84E9569D}.Debug|Any CPU.ActiveCfg = Debug|Any CPU
		{850DC28B-D64D-4B6E-BC4F-F8EC84E9569D}.Debug|Any CPU.Build.0 = Debug|Any CPU
		{850DC28B-D64D-4B6E-BC4F-F8EC84E9569D}.Release|Any CPU.ActiveCfg = Release|Any CPU
		{850DC28B-D64D-4B6E-BC4F-F8EC84E9569D}.Release|Any CPU.Build.0 = Release|Any CPU
	EndGlobalSection
	GlobalSection(SolutionProperties) = preSolution
		HideSolutionNode = FALSE
	EndGlobalSection
	GlobalSection(ExtensibilityGlobals) = postSolution
		SolutionGuid = {15F764A7-DCD2-4526-9E38-40FF92EFF56C}
	EndGlobalSection
EndGlobal
